
Microsoft Visual Studio Solution File, Format Version 12.00
# Visual Studio Version 16
VisualStudioVersion = 16.0.31105.61
MinimumVisualStudioVersion = 10.0.40219.1
Project("{9A19103F-16F7-4668-BE54-9A1E7A4F7556}") = "ConsoleApp1", "ConsoleApp1\ConsoleApp1.csproj", "{792B6264-4069-4094-9659-95EAA6B2EFAE}"
EndProject
Project("{9A19103F-16F7-4668-BE54-9A1E7A4F7556}") = "ConsoleApp2", "ConsoleApp2\ConsoleApp2.csproj", "{3879604B-F3BC-44D1-A13E-B5D70D37A169}"
EndProject
Project("{FAE04EC0-301F-11D3-BF4B-00C04F79EFBC}") = "DiagSequenceExample", "DiagSequenceExample\DiagSequenceExample.csproj", "{71ABBD87-59E0-4D3E-9D27-F05CD6C902D9}"
EndProject
Global
	GlobalSection(SolutionConfigurationPlatforms) = preSolution
		Debug|Any CPU = Debug|Any CPU
		Release|Any CPU = Release|Any CPU
	EndGlobalSection
	GlobalSection(ProjectConfigurationPlatforms) = postSolution
		{792B6264-4069-4094-9659-95EAA6B2EFAE}.Debug|Any CPU.ActiveCfg = Debug|Any CPU
		{792B6264-4069-4094-9659-95EAA6B2EFAE}.Debug|Any CPU.Build.0 = Debug|Any CPU
		{792B6264-4069-4094-9659-95EAA6B2EFAE}.Release|Any CPU.ActiveCfg = Release|Any CPU
		{792B6264-4069-4094-9659-95EAA6B2EFAE}.Release|Any CPU.Build.0 = Release|Any CPU
		{3879604B-F3BC-44D1-A13E-B5D70D37A169}.Debug|Any CPU.ActiveCfg = Debug|Any CPU
		{3879604B-F3BC-44D1-A13E-B5D70D37A169}.Debug|Any CPU.Build.0 = Debug|Any CPU
		{3879604B-F3BC-44D1-A13E-B5D70D37A169}.Release|Any CPU.ActiveCfg = Release|Any CPU
		{3879604B-F3BC-44D1-A13E-B5D70D37A169}.Release|Any CPU.Build.0 = Release|Any CPU
		{71ABBD87-59E0-4D3E-9D27-F05CD6C902D9}.Debug|Any CPU.ActiveCfg = Debug|Any CPU
		{71ABBD87-59E0-4D3E-9D27-F05CD6C902D9}.Debug|Any CPU.Build.0 = Debug|Any CPU
		{71ABBD87-59E0-4D3E-9D27-F05CD6C902D9}.Release|Any CPU.ActiveCfg = Release|Any CPU
		{71ABBD87-59E0-4D3E-9D27-F05CD6C902D9}.Release|Any CPU.Build.0 = Release|Any CPU
	EndGlobalSection
	GlobalSection(SolutionProperties) = preSolution
		HideSolutionNode = FALSE
	EndGlobalSection
	GlobalSection(ExtensibilityGlobals) = postSolution
		SolutionGuid = {D46FC9B8-49AD-441D-B0A4-C20FF4E9DAE7}
	EndGlobalSection
EndGlobal
